
Microsoft Visual Studio Solution File, Format Version 12.00
# Visual Studio 15
Project("{FAE04EC0-301F-11D3-BF4B-00C04F79EFBC}") = "Assembly-CSharp", "Assembly-CSharp.csproj", "{3249C73E-4A4D-B382-95CF-C8A8BB07B138}"
EndProject
Project("{FAE04EC0-301F-11D3-BF4B-00C04F79EFBC}") = "VRMShaders.VRM10.MToon10.Runtime", "VRMShaders.VRM10.MToon10.Runtime.csproj", "{A816FFF3-AB64-AA37-3E7B-A4F577847E80}"
EndProject
Project("{FAE04EC0-301F-11D3-BF4B-00C04F79EFBC}") = "VRMShaders.GLTF.IO.Runtime", "VRMShaders.GLTF.IO.Runtime.csproj", "{4C64B5B8-29FF-30C1-A474-535442B7C4C5}"
EndProject
Project("{FAE04EC0-301F-11D3-BF4B-00C04F79EFBC}") = "MToon", "MToon.csproj", "{1C3DE190-24AF-3257-8F77-B57C6EB18971}"
EndProject
Project("{FAE04EC0-301F-11D3-BF4B-00C04F79EFBC}") = "VRMShaders.GLTF.UniUnlit.Runtime", "VRMShaders.GLTF.UniUnlit.Runtime.csproj", "{B8AAFB25-7357-86FE-133F-94A8F960FDEF}"
EndProject
Project("{FAE04EC0-301F-11D3-BF4B-00C04F79EFBC}") = "VRMShaders.VRM.IO.Runtime", "VRMShaders.VRM.IO.Runtime.csproj", "{F90BCCDB-43A0-5AFD-435A-BBC839A02DF1}"
EndProject
Project("{FAE04EC0-301F-11D3-BF4B-00C04F79EFBC}") = "CFXRRuntime", "CFXRRuntime.csproj", "{5D5A44F2-65CD-330B-7128-6E59303BBC43}"
EndProject
Project("{FAE04EC0-301F-11D3-BF4B-00C04F79EFBC}") = "KinoBloom.Runtime", "KinoBloom.Runtime.csproj", "{4A1E8671-018C-EF47-FDEC-7FF77CFF292A}"
EndProject
Project("{FAE04EC0-301F-11D3-BF4B-00C04F79EFBC}") = "CFXRDemo", "CFXRDemo.csproj", "{A790F98A-F31B-86C6-88AE-70416E89707D}"
EndProject
Project("{FAE04EC0-301F-11D3-BF4B-00C04F79EFBC}") = "VRMShaders.VRM10.Format.Runtime", "VRMShaders.VRM10.Format.Runtime.csproj", "{9AEB7B11-975D-F958-9F90-D8065727C040}"
EndProject
Project("{FAE04EC0-301F-11D3-BF4B-00C04F79EFBC}") = "VRMShaders.VRM10.MToon10.Editor", "VRMShaders.VRM10.MToon10.Editor.csproj", "{C86F90A0-8019-BB02-901B-3420BCCFB069}"
EndProject
Project("{FAE04EC0-301F-11D3-BF4B-00C04F79EFBC}") = "VRMShaders.GLTF.IO.Tests", "VRMShaders.GLTF.IO.Tests.csproj", "{B77EA577-ED94-6AB7-B88E-49230E103A7B}"
EndProject
Project("{FAE04EC0-301F-11D3-BF4B-00C04F79EFBC}") = "CFXREditor", "CFXREditor.csproj", "{866DB8D8-1A4A-BC61-B681-FB3711BA79D4}"
EndProject
Project("{FAE04EC0-301F-11D3-BF4B-00C04F79EFBC}") = "VRMShaders.GLTF.UniUnlit.Editor", "VRMShaders.GLTF.UniUnlit.Editor.csproj", "{7F18EAD2-F7E8-845E-E773-5392CB7C828A}"
EndProject
Project("{FAE04EC0-301F-11D3-BF4B-00C04F79EFBC}") = "VRMShaders.GLTF.IO.Editor", "VRMShaders.GLTF.IO.Editor.csproj", "{FA5D89FD-AC95-6585-B77D-1C8EAA7B6DC1}"
EndProject
Project("{FAE04EC0-301F-11D3-BF4B-00C04F79EFBC}") = "ToonyColorsPro.Demo.Editor", "ToonyColorsPro.Demo.Editor.csproj", "{55A40B94-1670-7601-1A98-362C2D3CE3CD}"
EndProject
Project("{FAE04EC0-301F-11D3-BF4B-00C04F79EFBC}") = "VRMShaders.VRM10.MToon10.Tests", "VRMShaders.VRM10.MToon10.Tests.csproj", "{D8440A7A-63B2-0EBE-48E3-920199B7D552}"
EndProject
Project("{FAE04EC0-301F-11D3-BF4B-00C04F79EFBC}") = "VRMShaders.VRM.IO.Editor", "VRMShaders.VRM.IO.Editor.csproj", "{B123768C-1A7F-6424-9463-24BC945887C2}"
EndProject
Project("{FAE04EC0-301F-11D3-BF4B-00C04F79EFBC}") = "MToon.Editor", "MToon.Editor.csproj", "{4605591F-0A00-91A3-FC1B-3F63141047CC}"
EndProject
Project("{FAE04EC0-301F-11D3-BF4B-00C04F79EFBC}") = "Assembly-CSharp-Editor", "Assembly-CSharp-Editor.csproj", "{D9F12E5D-F1BB-0DB1-CD75-6E9D2980EFCD}"
EndProject
Global
	GlobalSection(SolutionConfigurationPlatforms) = preSolution
		Debug|Any CPU = Debug|Any CPU
		Release|Any CPU = Release|Any CPU
	EndGlobalSection
	GlobalSection(ProjectConfigurationPlatforms) = postSolution
		{3249C73E-4A4D-B382-95CF-C8A8BB07B138}.Debug|Any CPU.ActiveCfg = Debug|Any CPU
		{3249C73E-4A4D-B382-95CF-C8A8BB07B138}.Debug|Any CPU.Build.0 = Debug|Any CPU
		{3249C73E-4A4D-B382-95CF-C8A8BB07B138}.Release|Any CPU.ActiveCfg = Release|Any CPU
		{3249C73E-4A4D-B382-95CF-C8A8BB07B138}.Release|Any CPU.Build.0 = Release|Any CPU
		{A816FFF3-AB64-AA37-3E7B-A4F577847E80}.Debug|Any CPU.ActiveCfg = Debug|Any CPU
		{A816FFF3-AB64-AA37-3E7B-A4F577847E80}.Debug|Any CPU.Build.0 = Debug|Any CPU
		{A816FFF3-AB64-AA37-3E7B-A4F577847E80}.Release|Any CPU.ActiveCfg = Release|Any CPU
		{A816FFF3-AB64-AA37-3E7B-A4F577847E80}.Release|Any CPU.Build.0 = Release|Any CPU
		{4C64B5B8-29FF-30C1-A474-535442B7C4C5}.Debug|Any CPU.ActiveCfg = Debug|Any CPU
		{4C64B5B8-29FF-30C1-A474-535442B7C4C5}.Debug|Any CPU.Build.0 = Debug|Any CPU
		{4C64B5B8-29FF-30C1-A474-535442B7C4C5}.Release|Any CPU.ActiveCfg = Release|Any CPU
		{4C64B5B8-29FF-30C1-A474-535442B7C4C5}.Release|Any CPU.Build.0 = Release|Any CPU
		{1C3DE190-24AF-3257-8F77-B57C6EB18971}.Debug|Any CPU.ActiveCfg = Debug|Any CPU
		{1C3DE190-24AF-3257-8F77-B57C6EB18971}.Debug|Any CPU.Build.0 = Debug|Any CPU
		{1C3DE190-24AF-3257-8F77-B57C6EB18971}.Release|Any CPU.ActiveCfg = Release|Any CPU
		{1C3DE190-24AF-3257-8F77-B57C6EB18971}.Release|Any CPU.Build.0 = Release|Any CPU
		{B8AAFB25-7357-86FE-133F-94A8F960FDEF}.Debug|Any CPU.ActiveCfg = Debug|Any CPU
		{B8AAFB25-7357-86FE-133F-94A8F960FDEF}.Debug|Any CPU.Build.0 = Debug|Any CPU
		{B8AAFB25-7357-86FE-133F-94A8F960FDEF}.Release|Any CPU.ActiveCfg = Release|Any CPU
		{B8AAFB25-7357-86FE-133F-94A8F960FDEF}.Release|Any CPU.Build.0 = Release|Any CPU
		{F90BCCDB-43A0-5AFD-435A-BBC839A02DF1}.Debug|Any CPU.ActiveCfg = Debug|Any CPU
		{F90BCCDB-43A0-5AFD-435A-BBC839A02DF1}.Debug|Any CPU.Build.0 = Debug|Any CPU
		{F90BCCDB-43A0-5AFD-435A-BBC839A02DF1}.Release|Any CPU.ActiveCfg = Release|Any CPU
		{F90BCCDB-43A0-5AFD-435A-BBC839A02DF1}.Release|Any CPU.Build.0 = Release|Any CPU
		{5D5A44F2-65CD-330B-7128-6E59303BBC43}.Debug|Any CPU.ActiveCfg = Debug|Any CPU
		{5D5A44F2-65CD-330B-7128-6E59303BBC43}.Debug|Any CPU.Build.0 = Debug|Any CPU
		{5D5A44F2-65CD-330B-7128-6E59303BBC43}.Release|Any CPU.ActiveCfg = Release|Any CPU
		{5D5A44F2-65CD-330B-7128-6E59303BBC43}.Release|Any CPU.Build.0 = Release|Any CPU
		{4A1E8671-018C-EF47-FDEC-7FF77CFF292A}.Debug|Any CPU.ActiveCfg = Debug|Any CPU
		{4A1E8671-018C-EF47-FDEC-7FF77CFF292A}.Debug|Any CPU.Build.0 = Debug|Any CPU
		{4A1E8671-018C-EF47-FDEC-7FF77CFF292A}.Release|Any CPU.ActiveCfg = Release|Any CPU
		{4A1E8671-018C-EF47-FDEC-7FF77CFF292A}.Release|Any CPU.Build.0 = Release|Any CPU
		{A790F98A-F31B-86C6-88AE-70416E89707D}.Debug|Any CPU.ActiveCfg = Debug|Any CPU
		{A790F98A-F31B-86C6-88AE-70416E89707D}.Debug|Any CPU.Build.0 = Debug|Any CPU
		{A790F98A-F31B-86C6-88AE-70416E89707D}.Release|Any CPU.ActiveCfg = Release|Any CPU
		{A790F98A-F31B-86C6-88AE-70416E89707D}.Release|Any CPU.Build.0 = Release|Any CPU
		{9AEB7B11-975D-F958-9F90-D8065727C040}.Debug|Any CPU.ActiveCfg = Debug|Any CPU
		{9AEB7B11-975D-F958-9F90-D8065727C040}.Debug|Any CPU.Build.0 = Debug|Any CPU
		{9AEB7B11-975D-F958-9F90-D8065727C040}.Release|Any CPU.ActiveCfg = Release|Any CPU
		{9AEB7B11-975D-F958-9F90-D8065727C040}.Release|Any CPU.Build.0 = Release|Any CPU
		{C86F90A0-8019-BB02-901B-3420BCCFB069}.Debug|Any CPU.ActiveCfg = Debug|Any CPU
		{C86F90A0-8019-BB02-901B-3420BCCFB069}.Debug|Any CPU.Build.0 = Debug|Any CPU
		{C86F90A0-8019-BB02-901B-3420BCCFB069}.Release|Any CPU.ActiveCfg = Release|Any CPU
		{C86F90A0-8019-BB02-901B-3420BCCFB069}.Release|Any CPU.Build.0 = Release|Any CPU
		{B77EA577-ED94-6AB7-B88E-49230E103A7B}.Debug|Any CPU.ActiveCfg = Debug|Any CPU
		{B77EA577-ED94-6AB7-B88E-49230E103A7B}.Debug|Any CPU.Build.0 = Debug|Any CPU
		{B77EA577-ED94-6AB7-B88E-49230E103A7B}.Release|Any CPU.ActiveCfg = Release|Any CPU
		{B77EA577-ED94-6AB7-B88E-49230E103A7B}.Release|Any CPU.Build.0 = Release|Any CPU
		{866DB8D8-1A4A-BC61-B681-FB3711BA79D4}.Debug|Any CPU.ActiveCfg = Debug|Any CPU
		{866DB8D8-1A4A-BC61-B681-FB3711BA79D4}.Debug|Any CPU.Build.0 = Debug|Any CPU
		{866DB8D8-1A4A-BC61-B681-FB3711BA79D4}.Release|Any CPU.ActiveCfg = Release|Any CPU
		{866DB8D8-1A4A-BC61-B681-FB3711BA79D4}.Release|Any CPU.Build.0 = Release|Any CPU
		{7F18EAD2-F7E8-845E-E773-5392CB7C828A}.Debug|Any CPU.ActiveCfg = Debug|Any CPU
		{7F18EAD2-F7E8-845E-E773-5392CB7C828A}.Debug|Any CPU.Build.0 = Debug|Any CPU
		{7F18EAD2-F7E8-845E-E773-5392CB7C828A}.Release|Any CPU.ActiveCfg = Release|Any CPU
		{7F18EAD2-F7E8-845E-E773-5392CB7C828A}.Release|Any CPU.Build.0 = Release|Any CPU
		{FA5D89FD-AC95-6585-B77D-1C8EAA7B6DC1}.Debug|Any CPU.ActiveCfg = Debug|Any CPU
		{FA5D89FD-AC95-6585-B77D-1C8EAA7B6DC1}.Debug|Any CPU.Build.0 = Debug|Any CPU
		{FA5D89FD-AC95-6585-B77D-1C8EAA7B6DC1}.Release|Any CPU.ActiveCfg = Release|Any CPU
		{FA5D89FD-AC95-6585-B77D-1C8EAA7B6DC1}.Release|Any CPU.Build.0 = Release|Any CPU
		{55A40B94-1670-7601-1A98-362C2D3CE3CD}.Debug|Any CPU.ActiveCfg = Debug|Any CPU
		{55A40B94-1670-7601-1A98-362C2D3CE3CD}.Debug|Any CPU.Build.0 = Debug|Any CPU
		{55A40B94-1670-7601-1A98-362C2D3CE3CD}.Release|Any CPU.ActiveCfg = Release|Any CPU
		{55A40B94-1670-7601-1A98-362C2D3CE3CD}.Release|Any CPU.Build.0 = Release|Any CPU
		{D8440A7A-63B2-0EBE-48E3-920199B7D552}.Debug|Any CPU.ActiveCfg = Debug|Any CPU
		{D8440A7A-63B2-0EBE-48E3-920199B7D552}.Debug|Any CPU.Build.0 = Debug|Any CPU
		{D8440A7A-63B2-0EBE-48E3-920199B7D552}.Release|Any CPU.ActiveCfg = Release|Any CPU
		{D8440A7A-63B2-0EBE-48E3-920199B7D552}.Release|Any CPU.Build.0 = Release|Any CPU
		{B123768C-1A7F-6424-9463-24BC945887C2}.Debug|Any CPU.ActiveCfg = Debug|Any CPU
		{B123768C-1A7F-6424-9463-24BC945887C2}.Debug|Any CPU.Build.0 = Debug|Any CPU
		{B123768C-1A7F-6424-9463-24BC945887C2}.Release|Any CPU.ActiveCfg = Release|Any CPU
		{B123768C-1A7F-6424-9463-24BC945887C2}.Release|Any CPU.Build.0 = Release|Any CPU
		{4605591F-0A00-91A3-FC1B-3F63141047CC}.Debug|Any CPU.ActiveCfg = Debug|Any CPU
		{4605591F-0A00-91A3-FC1B-3F63141047CC}.Debug|Any CPU.Build.0 = Debug|Any CPU
		{4605591F-0A00-91A3-FC1B-3F63141047CC}.Release|Any CPU.ActiveCfg = Release|Any CPU
		{4605591F-0A00-91A3-FC1B-3F63141047CC}.Release|Any CPU.Build.0 = Release|Any CPU
		{D9F12E5D-F1BB-0DB1-CD75-6E9D2980EFCD}.Debug|Any CPU.ActiveCfg = Debug|Any CPU
		{D9F12E5D-F1BB-0DB1-CD75-6E9D2980EFCD}.Debug|Any CPU.Build.0 = Debug|Any CPU
		{D9F12E5D-F1BB-0DB1-CD75-6E9D2980EFCD}.Release|Any CPU.ActiveCfg = Release|Any CPU
		{D9F12E5D-F1BB-0DB1-CD75-6E9D2980EFCD}.Release|Any CPU.Build.0 = Release|Any CPU
	EndGlobalSection
	GlobalSection(SolutionProperties) = preSolution
		HideSolutionNode = FALSE
	EndGlobalSection
EndGlobal
