
Microsoft Visual Studio Solution File, Format Version 12.00
# Visual Studio 15
Project("{FAE04EC0-301F-11D3-BF4B-00C04F79EFBC}") = "Assembly-CSharp", "Assembly-CSharp.csproj", "{D03616FF-C3E1-F5D3-D48B-E5BE4EEC85E0}"
EndProject
Project("{FAE04EC0-301F-11D3-BF4B-00C04F79EFBC}") = "VRMShaders.VRM10.MToon10.Runtime", "VRMShaders.VRM10.MToon10.Runtime.csproj", "{4AB66C58-53BC-7086-8BE3-B8383232E3E4}"
EndProject
Project("{FAE04EC0-301F-11D3-BF4B-00C04F79EFBC}") = "VRMShaders.GLTF.IO.Runtime", "VRMShaders.GLTF.IO.Runtime.csproj", "{0239AFF5-C79D-BFD6-24B2-963BBEFDEAC7}"
EndProject
Project("{FAE04EC0-301F-11D3-BF4B-00C04F79EFBC}") = "MToon", "MToon.csproj", "{6CB17A87-9567-310E-BEA4-BE422D0538E6}"
EndProject
Project("{FAE04EC0-301F-11D3-BF4B-00C04F79EFBC}") = "VRMShaders.GLTF.UniUnlit.Runtime", "VRMShaders.GLTF.UniUnlit.Runtime.csproj", "{16EB8AE6-23A0-7783-D793-31174879AD67}"
EndProject
Project("{FAE04EC0-301F-11D3-BF4B-00C04F79EFBC}") = "VRMShaders.VRM.IO.Runtime", "VRMShaders.VRM.IO.Runtime.csproj", "{0C45915F-1C5F-E99F-332A-0A08853686AD}"
EndProject
Project("{FAE04EC0-301F-11D3-BF4B-00C04F79EFBC}") = "CFXRRuntime", "CFXRRuntime.csproj", "{1FD2F7FA-6C47-DBC2-DAF8-886EC7A75A28}"
EndProject
Project("{FAE04EC0-301F-11D3-BF4B-00C04F79EFBC}") = "KinoBloom.Runtime", "KinoBloom.Runtime.csproj", "{84C85FE8-6D77-0EAF-719E-0C04DD100489}"
EndProject
Project("{FAE04EC0-301F-11D3-BF4B-00C04F79EFBC}") = "CFXRDemo", "CFXRDemo.csproj", "{858EBE27-CF54-17FB-95EC-DBB57D3EE11B}"
EndProject
Project("{FAE04EC0-301F-11D3-BF4B-00C04F79EFBC}") = "VRMShaders.VRM10.Format.Runtime", "VRMShaders.VRM10.Format.Runtime.csproj", "{454C6E59-DA27-52A4-B8CF-0C0E3BCDEDEA}"
EndProject
Project("{FAE04EC0-301F-11D3-BF4B-00C04F79EFBC}") = "VRMShaders.VRM10.MToon10.Editor", "VRMShaders.VRM10.MToon10.Editor.csproj", "{7B0BDDD2-0086-1851-F8C8-AB6EFF74A97D}"
EndProject
Project("{FAE04EC0-301F-11D3-BF4B-00C04F79EFBC}") = "Assembly-CSharp-Editor", "Assembly-CSharp-Editor.csproj", "{F5E1ACA0-3F6A-56F0-CFD4-E8F9535CDA92}"
EndProject
Project("{FAE04EC0-301F-11D3-BF4B-00C04F79EFBC}") = "VRMShaders.GLTF.IO.Tests", "VRMShaders.GLTF.IO.Tests.csproj", "{DC29C5A2-F4D3-4304-7E0E-A6E102567454}"
EndProject
Project("{FAE04EC0-301F-11D3-BF4B-00C04F79EFBC}") = "CFXREditor", "CFXREditor.csproj", "{7933C127-D607-DD5D-5105-EDE758D0C241}"
EndProject
Project("{FAE04EC0-301F-11D3-BF4B-00C04F79EFBC}") = "VRMShaders.GLTF.UniUnlit.Editor", "VRMShaders.GLTF.UniUnlit.Editor.csproj", "{C75CB64D-CC5C-C090-0491-B62909B4A6DF}"
EndProject
Project("{FAE04EC0-301F-11D3-BF4B-00C04F79EFBC}") = "VRMShaders.GLTF.IO.Editor", "VRMShaders.GLTF.IO.Editor.csproj", "{09E515A8-5C88-DBDC-8B23-7358BFA93E5B}"
EndProject
Project("{FAE04EC0-301F-11D3-BF4B-00C04F79EFBC}") = "ToonyColorsPro.Demo.Editor", "ToonyColorsPro.Demo.Editor.csproj", "{F29E35E8-1361-F6DD-3F2E-68C424542A56}"
EndProject
Project("{FAE04EC0-301F-11D3-BF4B-00C04F79EFBC}") = "VRMShaders.VRM10.MToon10.Tests", "VRMShaders.VRM10.MToon10.Tests.csproj", "{B3F336DC-6423-5683-E6C5-0E32EB05F16B}"
EndProject
Project("{FAE04EC0-301F-11D3-BF4B-00C04F79EFBC}") = "VRMShaders.VRM.IO.Editor", "VRMShaders.VRM.IO.Editor.csproj", "{5EC32FDF-3034-5F3D-18DE-FA57FEAC3C53}"
EndProject
Project("{FAE04EC0-301F-11D3-BF4B-00C04F79EFBC}") = "MToon.Editor", "MToon.Editor.csproj", "{4AE8E45B-8F48-CCE4-3B1C-82604777D88C}"
EndProject
Global
	GlobalSection(SolutionConfigurationPlatforms) = preSolution
		Debug|Any CPU = Debug|Any CPU
		Release|Any CPU = Release|Any CPU
	EndGlobalSection
	GlobalSection(ProjectConfigurationPlatforms) = postSolution
		{D03616FF-C3E1-F5D3-D48B-E5BE4EEC85E0}.Debug|Any CPU.ActiveCfg = Debug|Any CPU
		{D03616FF-C3E1-F5D3-D48B-E5BE4EEC85E0}.Debug|Any CPU.Build.0 = Debug|Any CPU
		{D03616FF-C3E1-F5D3-D48B-E5BE4EEC85E0}.Release|Any CPU.ActiveCfg = Release|Any CPU
		{D03616FF-C3E1-F5D3-D48B-E5BE4EEC85E0}.Release|Any CPU.Build.0 = Release|Any CPU
		{4AB66C58-53BC-7086-8BE3-B8383232E3E4}.Debug|Any CPU.ActiveCfg = Debug|Any CPU
		{4AB66C58-53BC-7086-8BE3-B8383232E3E4}.Debug|Any CPU.Build.0 = Debug|Any CPU
		{4AB66C58-53BC-7086-8BE3-B8383232E3E4}.Release|Any CPU.ActiveCfg = Release|Any CPU
		{4AB66C58-53BC-7086-8BE3-B8383232E3E4}.Release|Any CPU.Build.0 = Release|Any CPU
		{0239AFF5-C79D-BFD6-24B2-963BBEFDEAC7}.Debug|Any CPU.ActiveCfg = Debug|Any CPU
		{0239AFF5-C79D-BFD6-24B2-963BBEFDEAC7}.Debug|Any CPU.Build.0 = Debug|Any CPU
		{0239AFF5-C79D-BFD6-24B2-963BBEFDEAC7}.Release|Any CPU.ActiveCfg = Release|Any CPU
		{0239AFF5-C79D-BFD6-24B2-963BBEFDEAC7}.Release|Any CPU.Build.0 = Release|Any CPU
		{6CB17A87-9567-310E-BEA4-BE422D0538E6}.Debug|Any CPU.ActiveCfg = Debug|Any CPU
		{6CB17A87-9567-310E-BEA4-BE422D0538E6}.Debug|Any CPU.Build.0 = Debug|Any CPU
		{6CB17A87-9567-310E-BEA4-BE422D0538E6}.Release|Any CPU.ActiveCfg = Release|Any CPU
		{6CB17A87-9567-310E-BEA4-BE422D0538E6}.Release|Any CPU.Build.0 = Release|Any CPU
		{16EB8AE6-23A0-7783-D793-31174879AD67}.Debug|Any CPU.ActiveCfg = Debug|Any CPU
		{16EB8AE6-23A0-7783-D793-31174879AD67}.Debug|Any CPU.Build.0 = Debug|Any CPU
		{16EB8AE6-23A0-7783-D793-31174879AD67}.Release|Any CPU.ActiveCfg = Release|Any CPU
		{16EB8AE6-23A0-7783-D793-31174879AD67}.Release|Any CPU.Build.0 = Release|Any CPU
		{0C45915F-1C5F-E99F-332A-0A08853686AD}.Debug|Any CPU.ActiveCfg = Debug|Any CPU
		{0C45915F-1C5F-E99F-332A-0A08853686AD}.Debug|Any CPU.Build.0 = Debug|Any CPU
		{0C45915F-1C5F-E99F-332A-0A08853686AD}.Release|Any CPU.ActiveCfg = Release|Any CPU
		{0C45915F-1C5F-E99F-332A-0A08853686AD}.Release|Any CPU.Build.0 = Release|Any CPU
		{1FD2F7FA-6C47-DBC2-DAF8-886EC7A75A28}.Debug|Any CPU.ActiveCfg = Debug|Any CPU
		{1FD2F7FA-6C47-DBC2-DAF8-886EC7A75A28}.Debug|Any CPU.Build.0 = Debug|Any CPU
		{1FD2F7FA-6C47-DBC2-DAF8-886EC7A75A28}.Release|Any CPU.ActiveCfg = Release|Any CPU
		{1FD2F7FA-6C47-DBC2-DAF8-886EC7A75A28}.Release|Any CPU.Build.0 = Release|Any CPU
		{84C85FE8-6D77-0EAF-719E-0C04DD100489}.Debug|Any CPU.ActiveCfg = Debug|Any CPU
		{84C85FE8-6D77-0EAF-719E-0C04DD100489}.Debug|Any CPU.Build.0 = Debug|Any CPU
		{84C85FE8-6D77-0EAF-719E-0C04DD100489}.Release|Any CPU.ActiveCfg = Release|Any CPU
		{84C85FE8-6D77-0EAF-719E-0C04DD100489}.Release|Any CPU.Build.0 = Release|Any CPU
		{858EBE27-CF54-17FB-95EC-DBB57D3EE11B}.Debug|Any CPU.ActiveCfg = Debug|Any CPU
		{858EBE27-CF54-17FB-95EC-DBB57D3EE11B}.Debug|Any CPU.Build.0 = Debug|Any CPU
		{858EBE27-CF54-17FB-95EC-DBB57D3EE11B}.Release|Any CPU.ActiveCfg = Release|Any CPU
		{858EBE27-CF54-17FB-95EC-DBB57D3EE11B}.Release|Any CPU.Build.0 = Release|Any CPU
		{454C6E59-DA27-52A4-B8CF-0C0E3BCDEDEA}.Debug|Any CPU.ActiveCfg = Debug|Any CPU
		{454C6E59-DA27-52A4-B8CF-0C0E3BCDEDEA}.Debug|Any CPU.Build.0 = Debug|Any CPU
		{454C6E59-DA27-52A4-B8CF-0C0E3BCDEDEA}.Release|Any CPU.ActiveCfg = Release|Any CPU
		{454C6E59-DA27-52A4-B8CF-0C0E3BCDEDEA}.Release|Any CPU.Build.0 = Release|Any CPU
		{7B0BDDD2-0086-1851-F8C8-AB6EFF74A97D}.Debug|Any CPU.ActiveCfg = Debug|Any CPU
		{7B0BDDD2-0086-1851-F8C8-AB6EFF74A97D}.Debug|Any CPU.Build.0 = Debug|Any CPU
		{7B0BDDD2-0086-1851-F8C8-AB6EFF74A97D}.Release|Any CPU.ActiveCfg = Release|Any CPU
		{7B0BDDD2-0086-1851-F8C8-AB6EFF74A97D}.Release|Any CPU.Build.0 = Release|Any CPU
		{F5E1ACA0-3F6A-56F0-CFD4-E8F9535CDA92}.Debug|Any CPU.ActiveCfg = Debug|Any CPU
		{F5E1ACA0-3F6A-56F0-CFD4-E8F9535CDA92}.Debug|Any CPU.Build.0 = Debug|Any CPU
		{F5E1ACA0-3F6A-56F0-CFD4-E8F9535CDA92}.Release|Any CPU.ActiveCfg = Release|Any CPU
		{F5E1ACA0-3F6A-56F0-CFD4-E8F9535CDA92}.Release|Any CPU.Build.0 = Release|Any CPU
		{DC29C5A2-F4D3-4304-7E0E-A6E102567454}.Debug|Any CPU.ActiveCfg = Debug|Any CPU
		{DC29C5A2-F4D3-4304-7E0E-A6E102567454}.Debug|Any CPU.Build.0 = Debug|Any CPU
		{DC29C5A2-F4D3-4304-7E0E-A6E102567454}.Release|Any CPU.ActiveCfg = Release|Any CPU
		{DC29C5A2-F4D3-4304-7E0E-A6E102567454}.Release|Any CPU.Build.0 = Release|Any CPU
		{7933C127-D607-DD5D-5105-EDE758D0C241}.Debug|Any CPU.ActiveCfg = Debug|Any CPU
		{7933C127-D607-DD5D-5105-EDE758D0C241}.Debug|Any CPU.Build.0 = Debug|Any CPU
		{7933C127-D607-DD5D-5105-EDE758D0C241}.Release|Any CPU.ActiveCfg = Release|Any CPU
		{7933C127-D607-DD5D-5105-EDE758D0C241}.Release|Any CPU.Build.0 = Release|Any CPU
		{C75CB64D-CC5C-C090-0491-B62909B4A6DF}.Debug|Any CPU.ActiveCfg = Debug|Any CPU
		{C75CB64D-CC5C-C090-0491-B62909B4A6DF}.Debug|Any CPU.Build.0 = Debug|Any CPU
		{C75CB64D-CC5C-C090-0491-B62909B4A6DF}.Release|Any CPU.ActiveCfg = Release|Any CPU
		{C75CB64D-CC5C-C090-0491-B62909B4A6DF}.Release|Any CPU.Build.0 = Release|Any CPU
		{09E515A8-5C88-DBDC-8B23-7358BFA93E5B}.Debug|Any CPU.ActiveCfg = Debug|Any CPU
		{09E515A8-5C88-DBDC-8B23-7358BFA93E5B}.Debug|Any CPU.Build.0 = Debug|Any CPU
		{09E515A8-5C88-DBDC-8B23-7358BFA93E5B}.Release|Any CPU.ActiveCfg = Release|Any CPU
		{09E515A8-5C88-DBDC-8B23-7358BFA93E5B}.Release|Any CPU.Build.0 = Release|Any CPU
		{F29E35E8-1361-F6DD-3F2E-68C424542A56}.Debug|Any CPU.ActiveCfg = Debug|Any CPU
		{F29E35E8-1361-F6DD-3F2E-68C424542A56}.Debug|Any CPU.Build.0 = Debug|Any CPU
		{F29E35E8-1361-F6DD-3F2E-68C424542A56}.Release|Any CPU.ActiveCfg = Release|Any CPU
		{F29E35E8-1361-F6DD-3F2E-68C424542A56}.Release|Any CPU.Build.0 = Release|Any CPU
		{B3F336DC-6423-5683-E6C5-0E32EB05F16B}.Debug|Any CPU.ActiveCfg = Debug|Any CPU
		{B3F336DC-6423-5683-E6C5-0E32EB05F16B}.Debug|Any CPU.Build.0 = Debug|Any CPU
		{B3F336DC-6423-5683-E6C5-0E32EB05F16B}.Release|Any CPU.ActiveCfg = Release|Any CPU
		{B3F336DC-6423-5683-E6C5-0E32EB05F16B}.Release|Any CPU.Build.0 = Release|Any CPU
		{5EC32FDF-3034-5F3D-18DE-FA57FEAC3C53}.Debug|Any CPU.ActiveCfg = Debug|Any CPU
		{5EC32FDF-3034-5F3D-18DE-FA57FEAC3C53}.Debug|Any CPU.Build.0 = Debug|Any CPU
		{5EC32FDF-3034-5F3D-18DE-FA57FEAC3C53}.Release|Any CPU.ActiveCfg = Release|Any CPU
		{5EC32FDF-3034-5F3D-18DE-FA57FEAC3C53}.Release|Any CPU.Build.0 = Release|Any CPU
		{4AE8E45B-8F48-CCE4-3B1C-82604777D88C}.Debug|Any CPU.ActiveCfg = Debug|Any CPU
		{4AE8E45B-8F48-CCE4-3B1C-82604777D88C}.Debug|Any CPU.Build.0 = Debug|Any CPU
		{4AE8E45B-8F48-CCE4-3B1C-82604777D88C}.Release|Any CPU.ActiveCfg = Release|Any CPU
		{4AE8E45B-8F48-CCE4-3B1C-82604777D88C}.Release|Any CPU.Build.0 = Release|Any CPU
	EndGlobalSection
	GlobalSection(SolutionProperties) = preSolution
		HideSolutionNode = FALSE
	EndGlobalSection
EndGlobal
