
Microsoft Visual Studio Solution File, Format Version 12.00
# Visual Studio 15
Project("{FAE04EC0-301F-11D3-BF4B-00C04F79EFBC}") = "Assembly-CSharp", "Assembly-CSharp.csproj", "{E8602E7B-E43D-8738-1D46-1FE204606439}"
EndProject
Project("{FAE04EC0-301F-11D3-BF4B-00C04F79EFBC}") = "VRMShaders.VRM10.MToon10.Runtime", "VRMShaders.VRM10.MToon10.Runtime.csproj", "{8EA0D80A-FBA9-B1DA-1C35-22730C88D4A1}"
EndProject
Project("{FAE04EC0-301F-11D3-BF4B-00C04F79EFBC}") = "VRMShaders.GLTF.IO.Runtime", "VRMShaders.GLTF.IO.Runtime.csproj", "{23C93661-0558-F604-EEE6-4D6C1233345C}"
EndProject
Project("{FAE04EC0-301F-11D3-BF4B-00C04F79EFBC}") = "MToon", "MToon.csproj", "{4ED23877-DC56-6451-2534-489DE99F782C}"
EndProject
Project("{FAE04EC0-301F-11D3-BF4B-00C04F79EFBC}") = "VRMShaders.GLTF.UniUnlit.Runtime", "VRMShaders.GLTF.UniUnlit.Runtime.csproj", "{A297DE37-A3B3-0321-FE50-9774A16722EF}"
EndProject
Project("{FAE04EC0-301F-11D3-BF4B-00C04F79EFBC}") = "VRMShaders.VRM.IO.Runtime", "VRMShaders.VRM.IO.Runtime.csproj", "{35CD54A7-92B3-4EDE-64A5-56412E1121E8}"
EndProject
Project("{FAE04EC0-301F-11D3-BF4B-00C04F79EFBC}") = "CFXRRuntime", "CFXRRuntime.csproj", "{E5D7F185-1D45-AC84-6195-68FF4CE3DCB9}"
EndProject
Project("{FAE04EC0-301F-11D3-BF4B-00C04F79EFBC}") = "KinoBloom.Runtime", "KinoBloom.Runtime.csproj", "{7F7F4BD1-33FE-E303-D60D-31D82A2433CC}"
EndProject
Project("{FAE04EC0-301F-11D3-BF4B-00C04F79EFBC}") = "CFXRDemo", "CFXRDemo.csproj", "{75A5C02D-B287-5A6F-2615-D3415F48649A}"
EndProject
Project("{FAE04EC0-301F-11D3-BF4B-00C04F79EFBC}") = "VRMShaders.VRM10.Format.Runtime", "VRMShaders.VRM10.Format.Runtime.csproj", "{CC757087-F63D-ECFB-D8BF-264AE627EAA3}"
EndProject
Project("{FAE04EC0-301F-11D3-BF4B-00C04F79EFBC}") = "VRMShaders.VRM10.MToon10.Editor", "VRMShaders.VRM10.MToon10.Editor.csproj", "{F34532E9-5FA6-7631-911D-834D88331EC9}"
EndProject
Project("{FAE04EC0-301F-11D3-BF4B-00C04F79EFBC}") = "Assembly-CSharp-Editor", "Assembly-CSharp-Editor.csproj", "{C84D82BA-70CB-7DF8-92E6-FC5A6170F508}"
EndProject
Project("{FAE04EC0-301F-11D3-BF4B-00C04F79EFBC}") = "VRMShaders.GLTF.IO.Tests", "VRMShaders.GLTF.IO.Tests.csproj", "{16917A2D-D803-7E08-EE26-C944F05703EB}"
EndProject
Project("{FAE04EC0-301F-11D3-BF4B-00C04F79EFBC}") = "CFXREditor", "CFXREditor.csproj", "{B1584F39-8139-4F42-FFF8-C68858BB4082}"
EndProject
Project("{FAE04EC0-301F-11D3-BF4B-00C04F79EFBC}") = "VRMShaders.GLTF.UniUnlit.Editor", "VRMShaders.GLTF.UniUnlit.Editor.csproj", "{6CE53EF1-A044-43BF-A4BA-15EB798B94DC}"
EndProject
Project("{FAE04EC0-301F-11D3-BF4B-00C04F79EFBC}") = "VRMShaders.GLTF.IO.Editor", "VRMShaders.GLTF.IO.Editor.csproj", "{9AE194A9-5C04-1BE6-0F60-C13340E6279D}"
EndProject
Project("{FAE04EC0-301F-11D3-BF4B-00C04F79EFBC}") = "ToonyColorsPro.Demo.Editor", "ToonyColorsPro.Demo.Editor.csproj", "{A0B3C39A-1EA1-A437-8A17-B73D6D868724}"
EndProject
Project("{FAE04EC0-301F-11D3-BF4B-00C04F79EFBC}") = "VRMShaders.VRM10.MToon10.Tests", "VRMShaders.VRM10.MToon10.Tests.csproj", "{AA375F73-0321-51D1-52CD-07BC08361BB5}"
EndProject
Project("{FAE04EC0-301F-11D3-BF4B-00C04F79EFBC}") = "VRMShaders.VRM.IO.Editor", "VRMShaders.VRM.IO.Editor.csproj", "{343160D8-273A-B250-91EC-DB375FF461BE}"
EndProject
Project("{FAE04EC0-301F-11D3-BF4B-00C04F79EFBC}") = "MToon.Editor", "MToon.Editor.csproj", "{5AE0CCDA-DA9D-BFE9-02CA-BE3F08294EC2}"
EndProject
Global
	GlobalSection(SolutionConfigurationPlatforms) = preSolution
		Debug|Any CPU = Debug|Any CPU
		Release|Any CPU = Release|Any CPU
	EndGlobalSection
	GlobalSection(ProjectConfigurationPlatforms) = postSolution
		{E8602E7B-E43D-8738-1D46-1FE204606439}.Debug|Any CPU.ActiveCfg = Debug|Any CPU
		{E8602E7B-E43D-8738-1D46-1FE204606439}.Debug|Any CPU.Build.0 = Debug|Any CPU
		{E8602E7B-E43D-8738-1D46-1FE204606439}.Release|Any CPU.ActiveCfg = Release|Any CPU
		{E8602E7B-E43D-8738-1D46-1FE204606439}.Release|Any CPU.Build.0 = Release|Any CPU
		{8EA0D80A-FBA9-B1DA-1C35-22730C88D4A1}.Debug|Any CPU.ActiveCfg = Debug|Any CPU
		{8EA0D80A-FBA9-B1DA-1C35-22730C88D4A1}.Debug|Any CPU.Build.0 = Debug|Any CPU
		{8EA0D80A-FBA9-B1DA-1C35-22730C88D4A1}.Release|Any CPU.ActiveCfg = Release|Any CPU
		{8EA0D80A-FBA9-B1DA-1C35-22730C88D4A1}.Release|Any CPU.Build.0 = Release|Any CPU
		{23C93661-0558-F604-EEE6-4D6C1233345C}.Debug|Any CPU.ActiveCfg = Debug|Any CPU
		{23C93661-0558-F604-EEE6-4D6C1233345C}.Debug|Any CPU.Build.0 = Debug|Any CPU
		{23C93661-0558-F604-EEE6-4D6C1233345C}.Release|Any CPU.ActiveCfg = Release|Any CPU
		{23C93661-0558-F604-EEE6-4D6C1233345C}.Release|Any CPU.Build.0 = Release|Any CPU
		{4ED23877-DC56-6451-2534-489DE99F782C}.Debug|Any CPU.ActiveCfg = Debug|Any CPU
		{4ED23877-DC56-6451-2534-489DE99F782C}.Debug|Any CPU.Build.0 = Debug|Any CPU
		{4ED23877-DC56-6451-2534-489DE99F782C}.Release|Any CPU.ActiveCfg = Release|Any CPU
		{4ED23877-DC56-6451-2534-489DE99F782C}.Release|Any CPU.Build.0 = Release|Any CPU
		{A297DE37-A3B3-0321-FE50-9774A16722EF}.Debug|Any CPU.ActiveCfg = Debug|Any CPU
		{A297DE37-A3B3-0321-FE50-9774A16722EF}.Debug|Any CPU.Build.0 = Debug|Any CPU
		{A297DE37-A3B3-0321-FE50-9774A16722EF}.Release|Any CPU.ActiveCfg = Release|Any CPU
		{A297DE37-A3B3-0321-FE50-9774A16722EF}.Release|Any CPU.Build.0 = Release|Any CPU
		{35CD54A7-92B3-4EDE-64A5-56412E1121E8}.Debug|Any CPU.ActiveCfg = Debug|Any CPU
		{35CD54A7-92B3-4EDE-64A5-56412E1121E8}.Debug|Any CPU.Build.0 = Debug|Any CPU
		{35CD54A7-92B3-4EDE-64A5-56412E1121E8}.Release|Any CPU.ActiveCfg = Release|Any CPU
		{35CD54A7-92B3-4EDE-64A5-56412E1121E8}.Release|Any CPU.Build.0 = Release|Any CPU
		{E5D7F185-1D45-AC84-6195-68FF4CE3DCB9}.Debug|Any CPU.ActiveCfg = Debug|Any CPU
		{E5D7F185-1D45-AC84-6195-68FF4CE3DCB9}.Debug|Any CPU.Build.0 = Debug|Any CPU
		{E5D7F185-1D45-AC84-6195-68FF4CE3DCB9}.Release|Any CPU.ActiveCfg = Release|Any CPU
		{E5D7F185-1D45-AC84-6195-68FF4CE3DCB9}.Release|Any CPU.Build.0 = Release|Any CPU
		{7F7F4BD1-33FE-E303-D60D-31D82A2433CC}.Debug|Any CPU.ActiveCfg = Debug|Any CPU
		{7F7F4BD1-33FE-E303-D60D-31D82A2433CC}.Debug|Any CPU.Build.0 = Debug|Any CPU
		{7F7F4BD1-33FE-E303-D60D-31D82A2433CC}.Release|Any CPU.ActiveCfg = Release|Any CPU
		{7F7F4BD1-33FE-E303-D60D-31D82A2433CC}.Release|Any CPU.Build.0 = Release|Any CPU
		{75A5C02D-B287-5A6F-2615-D3415F48649A}.Debug|Any CPU.ActiveCfg = Debug|Any CPU
		{75A5C02D-B287-5A6F-2615-D3415F48649A}.Debug|Any CPU.Build.0 = Debug|Any CPU
		{75A5C02D-B287-5A6F-2615-D3415F48649A}.Release|Any CPU.ActiveCfg = Release|Any CPU
		{75A5C02D-B287-5A6F-2615-D3415F48649A}.Release|Any CPU.Build.0 = Release|Any CPU
		{CC757087-F63D-ECFB-D8BF-264AE627EAA3}.Debug|Any CPU.ActiveCfg = Debug|Any CPU
		{CC757087-F63D-ECFB-D8BF-264AE627EAA3}.Debug|Any CPU.Build.0 = Debug|Any CPU
		{CC757087-F63D-ECFB-D8BF-264AE627EAA3}.Release|Any CPU.ActiveCfg = Release|Any CPU
		{CC757087-F63D-ECFB-D8BF-264AE627EAA3}.Release|Any CPU.Build.0 = Release|Any CPU
		{F34532E9-5FA6-7631-911D-834D88331EC9}.Debug|Any CPU.ActiveCfg = Debug|Any CPU
		{F34532E9-5FA6-7631-911D-834D88331EC9}.Debug|Any CPU.Build.0 = Debug|Any CPU
		{F34532E9-5FA6-7631-911D-834D88331EC9}.Release|Any CPU.ActiveCfg = Release|Any CPU
		{F34532E9-5FA6-7631-911D-834D88331EC9}.Release|Any CPU.Build.0 = Release|Any CPU
		{C84D82BA-70CB-7DF8-92E6-FC5A6170F508}.Debug|Any CPU.ActiveCfg = Debug|Any CPU
		{C84D82BA-70CB-7DF8-92E6-FC5A6170F508}.Debug|Any CPU.Build.0 = Debug|Any CPU
		{C84D82BA-70CB-7DF8-92E6-FC5A6170F508}.Release|Any CPU.ActiveCfg = Release|Any CPU
		{C84D82BA-70CB-7DF8-92E6-FC5A6170F508}.Release|Any CPU.Build.0 = Release|Any CPU
		{16917A2D-D803-7E08-EE26-C944F05703EB}.Debug|Any CPU.ActiveCfg = Debug|Any CPU
		{16917A2D-D803-7E08-EE26-C944F05703EB}.Debug|Any CPU.Build.0 = Debug|Any CPU
		{16917A2D-D803-7E08-EE26-C944F05703EB}.Release|Any CPU.ActiveCfg = Release|Any CPU
		{16917A2D-D803-7E08-EE26-C944F05703EB}.Release|Any CPU.Build.0 = Release|Any CPU
		{B1584F39-8139-4F42-FFF8-C68858BB4082}.Debug|Any CPU.ActiveCfg = Debug|Any CPU
		{B1584F39-8139-4F42-FFF8-C68858BB4082}.Debug|Any CPU.Build.0 = Debug|Any CPU
		{B1584F39-8139-4F42-FFF8-C68858BB4082}.Release|Any CPU.ActiveCfg = Release|Any CPU
		{B1584F39-8139-4F42-FFF8-C68858BB4082}.Release|Any CPU.Build.0 = Release|Any CPU
		{6CE53EF1-A044-43BF-A4BA-15EB798B94DC}.Debug|Any CPU.ActiveCfg = Debug|Any CPU
		{6CE53EF1-A044-43BF-A4BA-15EB798B94DC}.Debug|Any CPU.Build.0 = Debug|Any CPU
		{6CE53EF1-A044-43BF-A4BA-15EB798B94DC}.Release|Any CPU.ActiveCfg = Release|Any CPU
		{6CE53EF1-A044-43BF-A4BA-15EB798B94DC}.Release|Any CPU.Build.0 = Release|Any CPU
		{9AE194A9-5C04-1BE6-0F60-C13340E6279D}.Debug|Any CPU.ActiveCfg = Debug|Any CPU
		{9AE194A9-5C04-1BE6-0F60-C13340E6279D}.Debug|Any CPU.Build.0 = Debug|Any CPU
		{9AE194A9-5C04-1BE6-0F60-C13340E6279D}.Release|Any CPU.ActiveCfg = Release|Any CPU
		{9AE194A9-5C04-1BE6-0F60-C13340E6279D}.Release|Any CPU.Build.0 = Release|Any CPU
		{A0B3C39A-1EA1-A437-8A17-B73D6D868724}.Debug|Any CPU.ActiveCfg = Debug|Any CPU
		{A0B3C39A-1EA1-A437-8A17-B73D6D868724}.Debug|Any CPU.Build.0 = Debug|Any CPU
		{A0B3C39A-1EA1-A437-8A17-B73D6D868724}.Release|Any CPU.ActiveCfg = Release|Any CPU
		{A0B3C39A-1EA1-A437-8A17-B73D6D868724}.Release|Any CPU.Build.0 = Release|Any CPU
		{AA375F73-0321-51D1-52CD-07BC08361BB5}.Debug|Any CPU.ActiveCfg = Debug|Any CPU
		{AA375F73-0321-51D1-52CD-07BC08361BB5}.Debug|Any CPU.Build.0 = Debug|Any CPU
		{AA375F73-0321-51D1-52CD-07BC08361BB5}.Release|Any CPU.ActiveCfg = Release|Any CPU
		{AA375F73-0321-51D1-52CD-07BC08361BB5}.Release|Any CPU.Build.0 = Release|Any CPU
		{343160D8-273A-B250-91EC-DB375FF461BE}.Debug|Any CPU.ActiveCfg = Debug|Any CPU
		{343160D8-273A-B250-91EC-DB375FF461BE}.Debug|Any CPU.Build.0 = Debug|Any CPU
		{343160D8-273A-B250-91EC-DB375FF461BE}.Release|Any CPU.ActiveCfg = Release|Any CPU
		{343160D8-273A-B250-91EC-DB375FF461BE}.Release|Any CPU.Build.0 = Release|Any CPU
		{5AE0CCDA-DA9D-BFE9-02CA-BE3F08294EC2}.Debug|Any CPU.ActiveCfg = Debug|Any CPU
		{5AE0CCDA-DA9D-BFE9-02CA-BE3F08294EC2}.Debug|Any CPU.Build.0 = Debug|Any CPU
		{5AE0CCDA-DA9D-BFE9-02CA-BE3F08294EC2}.Release|Any CPU.ActiveCfg = Release|Any CPU
		{5AE0CCDA-DA9D-BFE9-02CA-BE3F08294EC2}.Release|Any CPU.Build.0 = Release|Any CPU
	EndGlobalSection
	GlobalSection(SolutionProperties) = preSolution
		HideSolutionNode = FALSE
	EndGlobalSection
EndGlobal
